
Microsoft Visual Studio Solution File, Format Version 12.00
# Visual Studio Version 16
VisualStudioVersion = 16.0.31702.278
MinimumVisualStudioVersion = 10.0.40219.1
Project("{FAE04EC0-301F-11D3-BF4B-00C04F79EFBC}") = "GradeBook2", "GradeBook2\GradeBook2.csproj", "{62F14A90-069C-409D-9515-50422286EFDC}"
EndProject
Global
	GlobalSection(SolutionConfigurationPlatforms) = preSolution
		Debug|Any CPU = Debug|Any CPU
		Release|Any CPU = Release|Any CPU
	EndGlobalSection
	GlobalSection(ProjectConfigurationPlatforms) = postSolution
		{62F14A90-069C-409D-9515-50422286EFDC}.Debug|Any CPU.ActiveCfg = Debug|Any CPU
		{62F14A90-069C-409D-9515-50422286EFDC}.Debug|Any CPU.Build.0 = Debug|Any CPU
		{62F14A90-069C-409D-9515-50422286EFDC}.Release|Any CPU.ActiveCfg = Release|Any CPU
		{62F14A90-069C-409D-9515-50422286EFDC}.Release|Any CPU.Build.0 = Release|Any CPU
	EndGlobalSection
	GlobalSection(SolutionProperties) = preSolution
		HideSolutionNode = FALSE
	EndGlobalSection
	GlobalSection(ExtensibilityGlobals) = postSolution
		SolutionGuid = {A6863396-49C9-4024-A199-BA41CC64C123}
	EndGlobalSection
EndGlobal
